
Microsoft Visual Studio Solution File, Format Version 12.00
# Visual Studio Version 17
VisualStudioVersion = 17.13.35825.156 d17.13
MinimumVisualStudioVersion = 10.0.40219.1
Project("{FAE04EC0-301F-11D3-BF4B-00C04F79EFBC}") = "P0008", "P0008\P0008.csproj", "{3EF1F742-6F2D-4677-9D69-4D1DB2E67816}"
EndProject
Global
	GlobalSection(SolutionConfigurationPlatforms) = preSolution
		Debug|Any CPU = Debug|Any CPU
		Release|Any CPU = Release|Any CPU
	EndGlobalSection
	GlobalSection(ProjectConfigurationPlatforms) = postSolution
		{3EF1F742-6F2D-4677-9D69-4D1DB2E67816}.Debug|Any CPU.ActiveCfg = Debug|Any CPU
		{3EF1F742-6F2D-4677-9D69-4D1DB2E67816}.Debug|Any CPU.Build.0 = Debug|Any CPU
		{3EF1F742-6F2D-4677-9D69-4D1DB2E67816}.Release|Any CPU.ActiveCfg = Release|Any CPU
		{3EF1F742-6F2D-4677-9D69-4D1DB2E67816}.Release|Any CPU.Build.0 = Release|Any CPU
	EndGlobalSection
	GlobalSection(SolutionProperties) = preSolution
		HideSolutionNode = FALSE
	EndGlobalSection
	GlobalSection(ExtensibilityGlobals) = postSolution
		SolutionGuid = {00BD3876-C5DC-4F08-A6C0-B8CF0CC1ADCF}
	EndGlobalSection
EndGlobal
